
Microsoft Visual Studio Solution File, Format Version 12.00
# Visual Studio Version 16
VisualStudioVersion = 16.0.30104.148
MinimumVisualStudioVersion = 10.0.40219.1
Project("{FAE04EC0-301F-11D3-BF4B-00C04F79EFBC}") = "WMSWeb", "WMSWeb\WMSWeb.csproj", "{48D8135B-3581-480C-80B3-B73D37F07209}"
EndProject
Global
	GlobalSection(SolutionConfigurationPlatforms) = preSolution
		Debug|Any CPU = Debug|Any CPU
		Release|Any CPU = Release|Any CPU
	EndGlobalSection
	GlobalSection(ProjectConfigurationPlatforms) = postSolution
		{48D8135B-3581-480C-80B3-B73D37F07209}.Debug|Any CPU.ActiveCfg = Debug|Any CPU
		{48D8135B-3581-480C-80B3-B73D37F07209}.Debug|Any CPU.Build.0 = Debug|Any CPU
		{48D8135B-3581-480C-80B3-B73D37F07209}.Release|Any CPU.ActiveCfg = Release|Any CPU
		{48D8135B-3581-480C-80B3-B73D37F07209}.Release|Any CPU.Build.0 = Release|Any CPU
	EndGlobalSection
	GlobalSection(SolutionProperties) = preSolution
		HideSolutionNode = FALSE
	EndGlobalSection
	GlobalSection(ExtensibilityGlobals) = postSolution
		SolutionGuid = {C95433CE-1259-48C3-801A-14E2D82FC311}
	EndGlobalSection
EndGlobal
